
Microsoft Visual Studio Solution File, Format Version 12.00
# Visual Studio Version 17
VisualStudioVersion = 17.10.34928.147
MinimumVisualStudioVersion = 10.0.40219.1
Project("{FAE04EC0-301F-11D3-BF4B-00C04F79EFBC}") = "MenesesClase2", "MenesesClase2\MenesesClase2.csproj", "{C54AAF16-17CB-4E45-A28B-4EC38B1A5589}"
EndProject
Global
	GlobalSection(SolutionConfigurationPlatforms) = preSolution
		Debug|Any CPU = Debug|Any CPU
		Release|Any CPU = Release|Any CPU
	EndGlobalSection
	GlobalSection(ProjectConfigurationPlatforms) = postSolution
		{C54AAF16-17CB-4E45-A28B-4EC38B1A5589}.Debug|Any CPU.ActiveCfg = Debug|Any CPU
		{C54AAF16-17CB-4E45-A28B-4EC38B1A5589}.Debug|Any CPU.Build.0 = Debug|Any CPU
		{C54AAF16-17CB-4E45-A28B-4EC38B1A5589}.Release|Any CPU.ActiveCfg = Release|Any CPU
		{C54AAF16-17CB-4E45-A28B-4EC38B1A5589}.Release|Any CPU.Build.0 = Release|Any CPU
	EndGlobalSection
	GlobalSection(SolutionProperties) = preSolution
		HideSolutionNode = FALSE
	EndGlobalSection
	GlobalSection(ExtensibilityGlobals) = postSolution
		SolutionGuid = {61538670-C3C9-4D11-A6F3-DC758FF70289}
	EndGlobalSection
EndGlobal
